github.com/deatil/go-encoding v1.0.2006 h1:mhv//C2DbpPAUmQ4dhFySzI9Nvr7Ypoexe1jNFH8hCA=
github.com/deatil/go-encoding v1.0.2006/go.mod h1:zwGNfO4DySUkTTgTDK4giY0kJzb2lHZSSS+ve5I2uX4=
github.com/ssdb/gossdb v0.0.0-20180723034631-88f6b59b84ec h1:q6XVwXmKvCRHRqesF3cSv6lNqqHi0QWOvgDlSohg8UA=
github.com/ssdb/gossdb v0.0.0-20180723034631-88f6b59b84ec/go.mod h1:QBvMkMya+gXctz3kmljlUCu/yB3GZ6oee+dUozsezQE=
